
Microsoft Visual Studio Solution File, Format Version 12.00
# Visual Studio Version 16
VisualStudioVersion = 16.0.30011.22
MinimumVisualStudioVersion = 10.0.40219.1
Project("{FAE04EC0-301F-11D3-BF4B-00C04F79EFBC}") = "SimpletronVisual", "SimpletronVisual.csproj", "{28D53613-231F-44F8-8DF4-BFEA04CE1DCB}"
EndProject
Global
	GlobalSection(SolutionConfigurationPlatforms) = preSolution
		Debug|Any CPU = Debug|Any CPU
		Release|Any CPU = Release|Any CPU
	EndGlobalSection
	GlobalSection(ProjectConfigurationPlatforms) = postSolution
		{28D53613-231F-44F8-8DF4-BFEA04CE1DCB}.Debug|Any CPU.ActiveCfg = Debug|Any CPU
		{28D53613-231F-44F8-8DF4-BFEA04CE1DCB}.Debug|Any CPU.Build.0 = Debug|Any CPU
		{28D53613-231F-44F8-8DF4-BFEA04CE1DCB}.Release|Any CPU.ActiveCfg = Release|Any CPU
		{28D53613-231F-44F8-8DF4-BFEA04CE1DCB}.Release|Any CPU.Build.0 = Release|Any CPU
	EndGlobalSection
	GlobalSection(SolutionProperties) = preSolution
		HideSolutionNode = FALSE
	EndGlobalSection
	GlobalSection(ExtensibilityGlobals) = postSolution
		SolutionGuid = {C779F374-6D62-48A2-BEB5-11936A37F72D}
	EndGlobalSection
EndGlobal
